{
    "_meta": {
        "hash": {
            "sha256": "6a89972be6599de4c7bb631762fd87c5a42e9754f4552035fa4b6d4cfbd71aee"
        },
        "pipfile-spec": 6,
        "requires": {
            "python_version": "3.8"
        },
        "sources": [
            {
                "name": "pypi",
                "url": "http://mirrors.tencentyun.com/pypi/simple",
                "verify_ssl": true
            }
        ]
    },
    "default": {
        "adce": {
            "hashes": [
                "sha256:34c2889020c3b1ebb0ccfa3cdaab5857a9ecc6ce389a4dae514428be9573bde2"
            ],
            "version": "==1.3.3"
        },
        "colorama": {
            "hashes": [
                "sha256:5941b2b48a20143d2267e95b1c2a7603ce057ee39fd88e7329b0c292aa16869b",
                "sha256:9f47eda37229f68eee03b24b9748937c7dc3868f906e8ba69fbcbdd3bc5dc3e2"
            ],
            "markers": "python_version >= '2.7' and python_version not in '3.0, 3.1, 3.2, 3.3, 3.4'",
            "version": "==0.4.4"
        },
        "commonmark": {
            "hashes": [
                "sha256:452f9dc859be7f06631ddcb328b6919c67984aca654e5fefb3914d54691aed60",
                "sha256:da2f38c92590f83de410ba1a3cbceafbc74fee9def35f9251ba9a971d6d66fd9"
            ],
            "version": "==0.9.1"
        },
        "cvxopt": {
            "hashes": [
                "sha256:3f9db1f4d4e820aaea81d6fc21054c89dc6327c84f935dd5a1eda1af11e1d504",
                "sha256:8002390c4a8b55fbf4011cf6e663f0b219459edf2423e9791e393b92e41cf8c8"
            ],
            "markers": "python_version >= '2.7' and python_version not in '3.0, 3.1, 3.2, 3.3, 3.4'",
            "version": "==1.2.7"
        },
        "cycler": {
            "hashes": [
                "sha256:3a27e95f763a428a739d2add979fa7494c912a32c17c4c38c4d5f082cad165a3",
                "sha256:9c87405839a19696e837b3b818fed3f5f69f16f1eec1a1ad77e043dcea9c772f"
            ],
            "markers": "python_version >= '3.6'",
            "version": "==0.11.0"
        },
        "fonttools": {
            "hashes": [
                "sha256:ca6ecc67e5a5620d31754f92147f22f48fd5461fd3fafe6afe031aa9ee079b0f",
                "sha256:edb48922873d3fda489ab400bd40888ac239ae8070b53f494b839bcdff0d01f6"
            ],
            "markers": "python_version >= '3.7'",
            "version": "==4.28.3"
        },
        "gpkit": {
            "hashes": [
                "sha256:3301d72c5b2a39fe63fe87d9288711c4a578212efe648b9ade1d5259b7f84901"
            ],
            "index": "pypi",
            "version": "==1.0.0.3"
        },
        "joblib": {
            "hashes": [
                "sha256:4158fcecd13733f8be669be0683b96ebdbbd38d23559f54dca7205aea1bf1e35",
                "sha256:f21f109b3c7ff9d95f8387f752d0d9c34a02aa2f7060c2135f465da0e5160ff6"
            ],
            "markers": "python_version >= '3.6'",
            "version": "==1.1.0"
        },
        "kiwisolver": {
            "hashes": [
                "sha256:b6a5431940f28b6de123de42f0eb47b84a073ee3c3345dc109ad550a3307dd28",
                "sha256:fc4453705b81d03568d5b808ad8f09c77c47534f6ac2e72e733f9ca4714aa75c"
            ],
            "markers": "python_version >= '3.7'",
            "version": "==1.3.2"
        },
        "matplotlib": {
            "hashes": [
                "sha256:2089b9014792dcc87bb1d620cde847913338abf7d957ef05587382b0cb76d44e",
                "sha256:38892a254420d95594285077276162a5e9e9c30b6da08bdc2a4d53331ad9a6fa"
            ],
            "index": "pypi",
            "version": "==3.5.0"
        },
        "mosek": {
            "hashes": [
                "sha256:15a44b1b8acac26fd11369b67485965bbaa45e847e2757326ad2c09a291d91a9",
                "sha256:15c1b468b579e8fb89798cdfce8a02a062c8c2148053e4279e19154c7ee71dbb",
                "sha256:17358bfd59ff10e412778fe92f0f7eaf980207780d63151479afec0944d65e23",
                "sha256:1890f25028567c24a3acedd4e93c2002858f5063726ab9ff8de7f091a1d719b4",
                "sha256:33acc116c36cccea7b9150c383c8ed34c6a6d6594c0622c6019ffd34698ef9b2",
                "sha256:3c9af4c30599c89456bed7d74085ef49b8433c2f1b8fe7da010e89a75ba4a3d0",
                "sha256:4be572fd251efe40bf9dd7601416033ef0cc3a5dc8215b73194907aa74775906",
                "sha256:4eb94210cba71cd446e3e2cb4ac33c69d541ff9199baae38ee65effc74efab09",
                "sha256:5a018e49b8108c0f3484215939670ec455ebc6f1df97bd8a5df6d5e12f0482f9",
                "sha256:644a86854078f4a12ae0ee0bdf6a7b848820814fe63398760efd9d8e01dd8e34",
                "sha256:757e2d0d827c1c78b32073a9d175055fb0203629e3942716be67c66d6a47654a",
                "sha256:820f04601344c2f36d1d72a9a30321fe9b26c45d853e69b61c07401944e82990",
                "sha256:899bcab35379c9fffffaa5df528d21b0941a47681ef2fa7038011a5b5ae3bc03",
                "sha256:89a1e64eed1ac219c057e7559ddb4daff32cb3a4d859b33b139b8bf5ef9c7664",
                "sha256:8ce1ce8493df1e1fcb714d12ed8fb72e375705ff92b687640a3360a4446e623c",
                "sha256:96c9c4145cd7b99c6e30998b115bf42bb03859b1c2e37afa766d09996b2f6455",
                "sha256:a1eafaaef66b6d85910181b53541393f6b5e9bce458d3fa508465982aaf31142",
                "sha256:ace6a1d20676c57f2e3db183f1a78c8d368d62114afe7238ac1cbf58f0256179",
                "sha256:b62fc641afa85e66559176a9042f2e4bc26631ce7da66c30b849ed435478c0b7",
                "sha256:c4c61abde2469fdfb0f8f435a7cc6ec189bd7a357e3e5364d7e147f19ec8c142",
                "sha256:c8576a6fccb273d8dc358cff397cb1cba8e0e83ec74a1ccffbc528c6749b3009"
            ],
            "index": "pypi",
            "version": "==9.3.10"
        },
        "numpy": {
            "hashes": [
                "sha256:0b78ecfa070460104934e2caf51694ccd00f37d5e5dbe76f021b1b0b0d221823",
                "sha256:1247ef28387b7bb7f21caf2dbe4767f4f4175df44d30604d42ad9bd701ebb31f",
                "sha256:1403b4e2181fc72664737d848b60e65150f272fe5a1c1cbc16145ed43884065a",
                "sha256:170b2a0805c6891ca78c1d96ee72e4c3ed1ae0a992c75444b6ab20ff038ba2cd",
                "sha256:2e4ed57f45f0aa38beca2a03b6532e70e548faf2debbeb3291cfc9b315d9be8f",
                "sha256:32fe5b12061f6446adcbb32cf4060a14741f9c21e15aaee59a207b6ce6423469",
                "sha256:34f3456f530ae8b44231c63082c8899fe9c983fd9b108c997c4b1c8c2d435333",
                "sha256:4c9c23158b87ed0e70d9a50c67e5c0b3f75bcf2581a8e34668d4e9d7474d76c6",
                "sha256:5d95668e727c75b3f5088ec7700e260f90ec83f488e4c0aaccb941148b2cd377",
                "sha256:615d4e328af7204c13ae3d4df7615a13ff60a49cb0d9106fde07f541207883ca",
                "sha256:69077388c5a4b997442b843dbdc3a85b420fb693ec8e33020bb24d647c164fa5",
                "sha256:74b85a17528ca60cf98381a5e779fc0264b4a88b46025e6bcbe9621f46bb3e63",
                "sha256:81225e58ef5fce7f1d80399575576fc5febec79a8a2742e8ef86d7b03beef49f",
                "sha256:8890b3360f345e8360133bc078d2dacc2843b6ee6059b568781b15b97acbe39f",
                "sha256:92aafa03da8658609f59f18722b88f0a73a249101169e28415b4fa148caf7e41",
                "sha256:9864424631775b0c052f3bd98bc2712d131b3e2cd95d1c0c68b91709170890b0",
                "sha256:9e6f5f50d1eff2f2f752b3089a118aee1ea0da63d56c44f3865681009b0af162",
                "sha256:a3deb31bc84f2b42584b8c4001c85d1934dbfb4030827110bc36bfd11509b7bf",
                "sha256:ad010846cdffe7ec27e3f933397f8a8d6c801a48634f419e3d075db27acf5880",
                "sha256:b1e2312f5b8843a3e4e8224b2b48fe16119617b8fc0a54df8f50098721b5bed2",
                "sha256:bc988afcea53e6156546e5b2885b7efab089570783d9d82caf1cfd323b0bb3dd",
                "sha256:c449eb870616a7b62e097982c622d2577b3dbc800aaf8689254ec6e0197cbf1e",
                "sha256:c74c699b122918a6c4611285cc2cad4a3aafdb135c22a16ec483340ef97d573c",
                "sha256:c885bfc07f77e8fee3dc879152ba993732601f1f11de248d4f357f0ffea6a6d4",
                "sha256:e3c3e990274444031482a31280bf48674441e0a5b55ddb168f3a6db3e0c38ec8",
                "sha256:e4799be6a2d7d3c33699a6f77201836ac975b2e1b98c2a07f66a38f499cb50ce",
                "sha256:e6c76a87633aa3fa16614b61ccedfae45b91df2767cf097aa9c933932a7ed1e0",
                "sha256:e89717274b41ebd568cd7943fc9418eeb49b1785b66031bc8a7f6300463c5898",
                "sha256:f5162ec777ba7138906c9c274353ece5603646c6965570d82905546579573f73",
                "sha256:fde96af889262e85aa033f8ee1d3241e32bf36228318a61f1ace579df4e8170d"
            ],
            "index": "pypi",
            "version": "==1.21.4"
        },
        "packaging": {
            "hashes": [
                "sha256:dd47c42927d89ab911e606518907cc2d3a1f38bbd026385970643f9c5b8ecfeb",
                "sha256:ef103e05f519cdc783ae24ea4e2e0f508a9c99b2d4969652eed6a2e1ea5bd522"
            ],
            "markers": "python_version >= '3.6'",
            "version": "==21.3"
        },
        "pillow": {
            "hashes": [
                "sha256:a5a4532a12314149d8b4e4ad8ff09dde7427731fcfa5917ff16d0291f13609df",
                "sha256:b8e2f83c56e141920c39464b852de3719dfbfb6e3c99a2d8da0edf4fb33176ed"
            ],
            "markers": "python_version >= '3.6'",
            "version": "==8.4.0"
        },
        "pint": {
            "hashes": [
                "sha256:4b37f3c470639ea6f96b0026c3364bde30631fa737092bdaf18ad3f4f76f252f",
                "sha256:8c4bce884c269051feb7abc69dbfd18403c0c764abc83da132e8a7222f8ba801"
            ],
            "markers": "python_version >= '3.7'",
            "version": "==0.18"
        },
        "plotly": {
            "hashes": [
                "sha256:1e5c1a5c87caaf68ce0d9872d4636e3ce1f82c7f6988eb20905ff5b58e57525c",
                "sha256:735d50738c760ecbf3a38e2336b8c1b119bff2d857096e4f68af31089b798161"
            ],
            "markers": "python_version >= '3.6'",
            "version": "==5.4.0"
        },
        "pygments": {
            "hashes": [
                "sha256:b8e67fe6af78f492b3c4b3e2970c0624cbf08beb1e493b2c99b9fa1b67a20380",
                "sha256:f398865f7eb6874156579fdf36bc840a03cab64d1cde9e93d68f46a425ec52c6"
            ],
            "markers": "python_version >= '3.5'",
            "version": "==2.10.0"
        },
        "pyparsing": {
            "hashes": [
                "sha256:04ff808a5b90911829c55c4e26f75fa5ca8a2f5f36aa3a51f68e27033341d3e4",
                "sha256:d9bdec0013ef1eb5a84ab39a3b3868911598afa494f5faa038647101504e2b81"
            ],
            "markers": "python_version >= '3.6'",
            "version": "==3.0.6"
        },
        "python-dateutil": {
            "hashes": [
                "sha256:0123cacc1627ae19ddf3c27a5de5bd67ee4586fbdd6440d9748f8abb483d3e86",
                "sha256:961d03dc3453ebbc59dbdea9e4e11c5651520a876d0f4db161e8674aae935da9"
            ],
            "markers": "python_version >= '2.7' and python_version not in '3.0, 3.1, 3.2, 3.3'",
            "version": "==2.8.2"
        },
        "rich": {
            "hashes": [
                "sha256:1dded089b79dd042b3ab5cd63439a338e16652001f0c16e73acdcf4997ad772d",
                "sha256:43b2c6ad51f46f6c94992aee546f1c177719f4e05aff8f5ea4d2efae3ebdac89"
            ],
            "index": "pypi",
            "version": "==10.15.2"
        },
        "scikit-learn": {
            "hashes": [
                "sha256:a800665527c1a63f7395a0baae3c89b0d97b54d2c23769c1c9879061bb80bc19",
                "sha256:ac2ca9dbb754d61cfe1c83ba8483498ef951d29b93ec09d6f002847f210a99da",
                "sha256:fc75f81571137b39f9b31766e15a0e525331637e7fe8f8000a3fbfba7da3add9"
            ],
            "markers": "python_version >= '3.7'",
            "version": "==1.0.1"
        },
        "scipy": {
            "hashes": [
                "sha256:95c2d250074cfa76715d58830579c64dff7354484b284c2b8b87e5a38321672c",
                "sha256:ab5875facfdef77e0a47d5fd39ea178b58e60e454a4c85aa1e52fcb80db7babf"
            ],
            "index": "pypi",
            "version": "==1.7.3"
        },
        "setuptools": {
            "hashes": [
                "sha256:b4c634615a0cf5b02cf83c7bedffc8da0ca439f00e79452699454da6fbd4153d",
                "sha256:feb5ff19b354cde9efd2344ef6d5e79880ce4be643037641b49508bbb850d060"
            ],
            "markers": "python_version >= '3.6'",
            "version": "==59.4.0"
        },
        "setuptools-scm": {
            "hashes": [
                "sha256:4c64444b1d49c4063ae60bfe1680f611c8b13833d556fd1d6050c0023162a119",
                "sha256:a49aa8081eeb3514eb9728fa5040f2eaa962d6c6f4ec9c32f6c1fba88f88a0f2"
            ],
            "markers": "python_version >= '3.6'",
            "version": "==6.3.2"
        },
        "six": {
            "hashes": [
                "sha256:1e61c37477a1626458e36f7b1d82aa5c9b094fa4802892072e49de9c60c4c926",
                "sha256:8abb2f1d86890a2dfb989f9a77cfcfd3e47c2a354b01111771326f8aa26e0254"
            ],
            "markers": "python_version >= '2.7' and python_version not in '3.0, 3.1, 3.2, 3.3'",
            "version": "==1.16.0"
        },
        "sklearn": {
            "hashes": [
                "sha256:e23001573aa194b834122d2b9562459bf5ae494a2d59ca6b8aa22c85a44c0e31"
            ],
            "index": "pypi",
            "version": "==0.0"
        },
        "tenacity": {
            "hashes": [
                "sha256:43242a20e3e73291a28bcbcacfd6e000b02d3857a9a9fff56b297a27afdc932f",
                "sha256:f78f4ea81b0fabc06728c11dc2a8c01277bfc5181b321a4770471902e3eb844a"
            ],
            "markers": "python_version >= '3.6'",
            "version": "==8.0.1"
        },
        "threadpoolctl": {
            "hashes": [
                "sha256:4fade5b3b48ae4b1c30f200b28f39180371104fccc642e039e0f2435ec8cc211",
                "sha256:d03115321233d0be715f0d3a5ad1d6c065fe425ddc2d671ca8e45e9fd5d7a52a"
            ],
            "markers": "python_version >= '3.6'",
            "version": "==3.0.0"
        },
        "tomli": {
            "hashes": [
                "sha256:c6ce0015eb38820eaf32b5db832dbc26deb3dd427bd5f6556cf0acac2c214fee",
                "sha256:f04066f68f5554911363063a30b108d2b5a5b1a010aa8b6132af78489fe3aade"
            ],
            "markers": "python_version >= '3.6'",
            "version": "==1.2.2"
        }
    },
    "develop": {}
}
